
Microsoft Visual Studio Solution File, Format Version 12.00
# Visual Studio Version 16
VisualStudioVersion = 16.0.30114.105
MinimumVisualStudioVersion = 10.0.40219.1
Project("{FAE04EC0-301F-11D3-BF4B-00C04F79EFBC}") = "MakeSale", "MakeSale\MakeSale.csproj", "{9CB6AC67-EE43-41FD-9325-1BA1CA7BAAAE}"
EndProject
Global
	GlobalSection(SolutionConfigurationPlatforms) = preSolution
		Debug|Any CPU = Debug|Any CPU
		Release|Any CPU = Release|Any CPU
	EndGlobalSection
	GlobalSection(ProjectConfigurationPlatforms) = postSolution
		{9CB6AC67-EE43-41FD-9325-1BA1CA7BAAAE}.Debug|Any CPU.ActiveCfg = Debug|Any CPU
		{9CB6AC67-EE43-41FD-9325-1BA1CA7BAAAE}.Debug|Any CPU.Build.0 = Debug|Any CPU
		{9CB6AC67-EE43-41FD-9325-1BA1CA7BAAAE}.Release|Any CPU.ActiveCfg = Release|Any CPU
		{9CB6AC67-EE43-41FD-9325-1BA1CA7BAAAE}.Release|Any CPU.Build.0 = Release|Any CPU
	EndGlobalSection
	GlobalSection(SolutionProperties) = preSolution
		HideSolutionNode = FALSE
	EndGlobalSection
	GlobalSection(ExtensibilityGlobals) = postSolution
		SolutionGuid = {A3DED62E-6CAD-4B49-A7F2-0D3453FB5627}
	EndGlobalSection
EndGlobal
